
Microsoft Visual Studio Solution File, Format Version 12.00
# Visual Studio Version 17
VisualStudioVersion = 17.5.33530.505
MinimumVisualStudioVersion = 10.0.40219.1
Project("{F184B08F-C81C-45F6-A57F-5ABD9991F28F}") = "AppInventaris", "AppInventaris\AppInventaris.vbproj", "{070ECF75-C80A-4C83-ADFC-7B6B7D7D4BC6}"
EndProject
Global
	GlobalSection(SolutionConfigurationPlatforms) = preSolution
		Debug|Any CPU = Debug|Any CPU
		Release|Any CPU = Release|Any CPU
	EndGlobalSection
	GlobalSection(ProjectConfigurationPlatforms) = postSolution
		{070ECF75-C80A-4C83-ADFC-7B6B7D7D4BC6}.Debug|Any CPU.ActiveCfg = Debug|Any CPU
		{070ECF75-C80A-4C83-ADFC-7B6B7D7D4BC6}.Debug|Any CPU.Build.0 = Debug|Any CPU
		{070ECF75-C80A-4C83-ADFC-7B6B7D7D4BC6}.Release|Any CPU.ActiveCfg = Release|Any CPU
		{070ECF75-C80A-4C83-ADFC-7B6B7D7D4BC6}.Release|Any CPU.Build.0 = Release|Any CPU
	EndGlobalSection
	GlobalSection(SolutionProperties) = preSolution
		HideSolutionNode = FALSE
	EndGlobalSection
	GlobalSection(ExtensibilityGlobals) = postSolution
		SolutionGuid = {51EC3F55-2555-4F0B-8B57-861C804BB8E4}
	EndGlobalSection
EndGlobal
